// !$*UTF8*$!
{
	archiveVersion = 1;
	classes = {
	};
	objectVersion = 50;
	objects = {

/* Begin PBXBuildFile section */
		78122E4321D2224600F7AA31 /* TableViewCell.swift in Sources */ = {isa = PBXBuildFile; fileRef = 78122E4221D2224600F7AA31 /* TableViewCell.swift */; };
		78122E4721D22FED00F7AA31 /* WebViewController.swift in Sources */ = {isa = PBXBuildFile; fileRef = 78122E4621D22FED00F7AA31 /* WebViewController.swift */; };
		78122E4D21D329C400F7AA31 /* Assets.xcassets in Resources */ = {isa = PBXBuildFile; fileRef = 78122E4A21D329C300F7AA31 /* Assets.xcassets */; };
		78122E4E21D329C400F7AA31 /* hideWikiHeader.js in Resources */ = {isa = PBXBuildFile; fileRef = 78122E4B21D329C400F7AA31 /* hideWikiHeader.js */; };
		78122E4F21D329C400F7AA31 /* BuildingList.plist in Resources */ = {isa = PBXBuildFile; fileRef = 78122E4C21D329C400F7AA31 /* BuildingList.plist */; };
		785AA7E121CB8E490091F8E7 /* AppDelegate.swift in Sources */ = {isa = PBXBuildFile; fileRef = 785AA7E021CB8E490091F8E7 /* AppDelegate.swift */; };
		785AA7E321CB8E490091F8E7 /* TableViewController.swift in Sources */ = {isa = PBXBuildFile; fileRef = 785AA7E221CB8E490091F8E7 /* TableViewController.swift */; };
		785AA7E621CB8E490091F8E7 /* Main.storyboard in Resources */ = {isa = PBXBuildFile; fileRef = 785AA7E421CB8E490091F8E7 /* Main.storyboard */; };
		785AA7EB21CB8E4A0091F8E7 /* LaunchScreen.storyboard in Resources */ = {isa = PBXBuildFile; fileRef = 785AA7E921CB8E4A0091F8E7 /* LaunchScreen.storyboard */; };
		785AA7F621CB8E4B0091F8E7 /* ARBundViewTests.swift in Sources */ = {isa = PBXBuildFile; fileRef = 785AA7F521CB8E4B0091F8E7 /* ARBundViewTests.swift */; };
		785AA80121CB91F90091F8E7 /* Building.swift in Sources */ = {isa = PBXBuildFile; fileRef = 785AA80021CB91F90091F8E7 /* Building.swift */; };
/* End PBXBuildFile section */

/* Begin PBXContainerItemProxy section */
		785AA7F221CB8E4B0091F8E7 /* PBXContainerItemProxy */ = {
			isa = PBXContainerItemProxy;
			containerPortal = 785AA7D521CB8E490091F8E7 /* Project object */;
			proxyType = 1;
			remoteGlobalIDString = 785AA7DC21CB8E490091F8E7;
			remoteInfo = ARBundView;
		};
/* End PBXContainerItemProxy section */

/* Begin PBXFileReference section */
		78122E4221D2224600F7AA31 /* TableViewCell.swift */ = {isa = PBXFileReference; lastKnownFileType = sourcecode.swift; path = TableViewCell.swift; sourceTree = "<group>"; };
		78122E4621D22FED00F7AA31 /* WebViewController.swift */ = {isa = PBXFileReference; lastKnownFileType = sourcecode.swift; path = WebViewController.swift; sourceTree = "<group>"; };
		78122E4A21D329C300F7AA31 /* Assets.xcassets */ = {isa = PBXFileReference; lastKnownFileType = folder.assetcatalog; path = Assets.xcassets; sourceTree = "<group>"; };
		78122E4B21D329C400F7AA31 /* hideWikiHeader.js */ = {isa = PBXFileReference; fileEncoding = 4; lastKnownFileType = sourcecode.javascript; path = hideWikiHeader.js; sourceTree = "<group>"; };
		78122E4C21D329C400F7AA31 /* BuildingList.plist */ = {isa = PBXFileReference; fileEncoding = 4; lastKnownFileType = text.plist.xml; path = BuildingList.plist; sourceTree = "<group>"; };
		785AA7DD21CB8E490091F8E7 /* ARBundView.app */ = {isa = PBXFileReference; explicitFileType = wrapper.application; includeInIndex = 0; path = ARBundView.app; sourceTree = BUILT_PRODUCTS_DIR; };
		785AA7E021CB8E490091F8E7 /* AppDelegate.swift */ = {isa = PBXFileReference; lastKnownFileType = sourcecode.swift; path = AppDelegate.swift; sourceTree = "<group>"; };
		785AA7E221CB8E490091F8E7 /* TableViewController.swift */ = {isa = PBXFileReference; lastKnownFileType = sourcecode.swift; path = TableViewController.swift; sourceTree = "<group>"; };
		785AA7E521CB8E490091F8E7 /* Base */ = {isa = PBXFileReference; lastKnownFileType = file.storyboard; name = Base; path = Base.lproj/Main.storyboard; sourceTree = "<group>"; };
		785AA7EA21CB8E4A0091F8E7 /* Base */ = {isa = PBXFileReference; lastKnownFileType = file.storyboard; name = Base; path = Base.lproj/LaunchScreen.storyboard; sourceTree = "<group>"; };
		785AA7EC21CB8E4A0091F8E7 /* Info.plist */ = {isa = PBXFileReference; lastKnownFileType = text.plist.xml; path = Info.plist; sourceTree = "<group>"; };
		785AA7F121CB8E4B0091F8E7 /* ARBundViewTests.xctest */ = {isa = PBXFileReference; explicitFileType = wrapper.cfbundle; includeInIndex = 0; path = ARBundViewTests.xctest; sourceTree = BUILT_PRODUCTS_DIR; };
		785AA7F521CB8E4B0091F8E7 /* ARBundViewTests.swift */ = {isa = PBXFileReference; lastKnownFileType = sourcecode.swift; path = ARBundViewTests.swift; sourceTree = "<group>"; };
		785AA7F721CB8E4B0091F8E7 /* Info.plist */ = {isa = PBXFileReference; lastKnownFileType = text.plist.xml; path = Info.plist; sourceTree = "<group>"; };
		785AA80021CB91F90091F8E7 /* Building.swift */ = {isa = PBXFileReference; fileEncoding = 4; lastKnownFileType = sourcecode.swift; path = Building.swift; sourceTree = "<group>"; };
/* End PBXFileReference section */

/* Begin PBXFrameworksBuildPhase section */
		785AA7DA21CB8E490091F8E7 /* Frameworks */ = {
			isa = PBXFrameworksBuildPhase;
			buildActionMask = 2147483647;
			files = (
			);
			runOnlyForDeploymentPostprocessing = 0;
		};
		785AA7EE21CB8E4B0091F8E7 /* Frameworks */ = {
			isa = PBXFrameworksBuildPhase;
			buildActionMask = 2147483647;
			files = (
			);
			runOnlyForDeploymentPostprocessing = 0;
		};
/* End PBXFrameworksBuildPhase section */

/* Begin PBXGroup section */
		785AA7D421CB8E490091F8E7 = {
			isa = PBXGroup;
			children = (
				785AA7DF21CB8E490091F8E7 /* ARBundView */,
				785AA7F421CB8E4B0091F8E7 /* ARBundViewTests */,
				785AA7DE21CB8E490091F8E7 /* Products */,
			);
			sourceTree = "<group>";
		};
		785AA7DE21CB8E490091F8E7 /* Products */ = {
			isa = PBXGroup;
			children = (
				785AA7DD21CB8E490091F8E7 /* ARBundView.app */,
				785AA7F121CB8E4B0091F8E7 /* ARBundViewTests.xctest */,
			);
			name = Products;
			sourceTree = "<group>";
		};
		785AA7DF21CB8E490091F8E7 /* ARBundView */ = {
			isa = PBXGroup;
			children = (
				785AA7E021CB8E490091F8E7 /* AppDelegate.swift */,
				78122E4221D2224600F7AA31 /* TableViewCell.swift */,
				785AA7E221CB8E490091F8E7 /* TableViewController.swift */,
				78122E4621D22FED00F7AA31 /* WebViewController.swift */,
				78122E4A21D329C300F7AA31 /* Assets.xcassets */,
				78122E4C21D329C400F7AA31 /* BuildingList.plist */,
				78122E4B21D329C400F7AA31 /* hideWikiHeader.js */,
				785AA7E421CB8E490091F8E7 /* Main.storyboard */,
				785AA80021CB91F90091F8E7 /* Building.swift */,
				785AA7E921CB8E4A0091F8E7 /* LaunchScreen.storyboard */,
				785AA7EC21CB8E4A0091F8E7 /* Info.plist */,
			);
			path = ARBundView;
			sourceTree = "<group>";
		};
		785AA7F421CB8E4B0091F8E7 /* ARBundViewTests */ = {
			isa = PBXGroup;
			children = (
				785AA7F521CB8E4B0091F8E7 /* ARBundViewTests.swift */,
				785AA7F721CB8E4B0091F8E7 /* Info.plist */,
			);
			path = ARBundViewTests;
			sourceTree = "<group>";
		};
/* End PBXGroup section */

/* Begin PBXNativeTarget section */
		785AA7DC21CB8E490091F8E7 /* ARBundView */ = {
			isa = PBXNativeTarget;
			buildConfigurationList = 785AA7FA21CB8E4B0091F8E7 /* Build configuration list for PBXNativeTarget "ARBundView" */;
			buildPhases = (
				785AA7D921CB8E490091F8E7 /* Sources */,
				785AA7DA21CB8E490091F8E7 /* Frameworks */,
				785AA7DB21CB8E490091F8E7 /* Resources */,
			);
			buildRules = (
			);
			dependencies = (
			);
			name = ARBundView;
			productName = ARBundView;
			productReference = 785AA7DD21CB8E490091F8E7 /* ARBundView.app */;
			productType = "com.apple.product-type.application";
		};
		785AA7F021CB8E4B0091F8E7 /* ARBundViewTests */ = {
			isa = PBXNativeTarget;
			buildConfigurationList = 785AA7FD21CB8E4B0091F8E7 /* Build configuration list for PBXNativeTarget "ARBundViewTests" */;
			buildPhases = (
				785AA7ED21CB8E4B0091F8E7 /* Sources */,
				785AA7EE21CB8E4B0091F8E7 /* Frameworks */,
				785AA7EF21CB8E4B0091F8E7 /* Resources */,
			);
			buildRules = (
			);
			dependencies = (
				785AA7F321CB8E4B0091F8E7 /* PBXTargetDependency */,
			);
			name = ARBundViewTests;
			productName = ARBundViewTests;
			productReference = 785AA7F121CB8E4B0091F8E7 /* ARBundViewTests.xctest */;
			productType = "com.apple.product-type.bundle.unit-test";
		};
/* End PBXNativeTarget section */

/* Begin PBXProject section */
		785AA7D521CB8E490091F8E7 /* Project object */ = {
			isa = PBXProject;
			attributes = {
				LastSwiftUpdateCheck = 1010;
				LastUpgradeCheck = 1010;
				ORGANIZATIONNAME = "David Peng";
				TargetAttributes = {
					785AA7DC21CB8E490091F8E7 = {
						CreatedOnToolsVersion = 10.1;
					};
					785AA7F021CB8E4B0091F8E7 = {
						CreatedOnToolsVersion = 10.1;
						TestTargetID = 785AA7DC21CB8E490091F8E7;
					};
				};
			};
			buildConfigurationList = 785AA7D821CB8E490091F8E7 /* Build configuration list for PBXProject "ARBundView" */;
			compatibilityVersion = "Xcode 9.3";
			developmentRegion = en;
			hasScannedForEncodings = 0;
			knownRegions = (
				en,
				Base,
			);
			mainGroup = 785AA7D421CB8E490091F8E7;
			productRefGroup = 785AA7DE21CB8E490091F8E7 /* Products */;
			projectDirPath = "";
			projectRoot = "";
			targets = (
				785AA7DC21CB8E490091F8E7 /* ARBundView */,
				785AA7F021CB8E4B0091F8E7 /* ARBundViewTests */,
			);
		};
/* End PBXProject section */

/* Begin PBXResourcesBuildPhase section */
		785AA7DB21CB8E490091F8E7 /* Resources */ = {
			isa = PBXResourcesBuildPhase;
			buildActionMask = 2147483647;
			files = (
				785AA7EB21CB8E4A0091F8E7 /* LaunchScreen.storyboard in Resources */,
				78122E4D21D329C400F7AA31 /* Assets.xcassets in Resources */,
				785AA7E621CB8E490091F8E7 /* Main.storyboard in Resources */,
				78122E4E21D329C400F7AA31 /* hideWikiHeader.js in Resources */,
				78122E4F21D329C400F7AA31 /* BuildingList.plist in Resources */,
			);
			runOnlyForDeploymentPostprocessing = 0;
		};
		785AA7EF21CB8E4B0091F8E7 /* Resources */ = {
			isa = PBXResourcesBuildPhase;
			buildActionMask = 2147483647;
			files = (
			);
			runOnlyForDeploymentPostprocessing = 0;
		};
/* End PBXResourcesBuildPhase section */

/* Begin PBXSourcesBuildPhase section */
		785AA7D921CB8E490091F8E7 /* Sources */ = {
			isa = PBXSourcesBuildPhase;
			buildActionMask = 2147483647;
			files = (
				785AA7E321CB8E490091F8E7 /* TableViewController.swift in Sources */,
				78122E4321D2224600F7AA31 /* TableViewCell.swift in Sources */,
				785AA80121CB91F90091F8E7 /* Building.swift in Sources */,
				78122E4721D22FED00F7AA31 /* WebViewController.swift in Sources */,
				785AA7E121CB8E490091F8E7 /* AppDelegate.swift in Sources */,
			);
			runOnlyForDeploymentPostprocessing = 0;
		};
		785AA7ED21CB8E4B0091F8E7 /* Sources */ = {
			isa = PBXSourcesBuildPhase;
			buildActionMask = 2147483647;
			files = (
				785AA7F621CB8E4B0091F8E7 /* ARBundViewTests.swift in Sources */,
			);
			runOnlyForDeploymentPostprocessing = 0;
		};
/* End PBXSourcesBuildPhase section */

/* Begin PBXTargetDependency section */
		785AA7F321CB8E4B0091F8E7 /* PBXTargetDependency */ = {
			isa = PBXTargetDependency;
			target = 785AA7DC21CB8E490091F8E7 /* ARBundView */;
			targetProxy = 785AA7F221CB8E4B0091F8E7 /* PBXContainerItemProxy */;
		};
/* End PBXTargetDependency section */

/* Begin PBXVariantGroup section */
		785AA7E421CB8E490091F8E7 /* Main.storyboard */ = {
			isa = PBXVariantGroup;
			children = (
				785AA7E521CB8E490091F8E7 /* Base */,
			);
			name = Main.storyboard;
			sourceTree = "<group>";
		};
		785AA7E921CB8E4A0091F8E7 /* LaunchScreen.storyboard */ = {
			isa = PBXVariantGroup;
			children = (
				785AA7EA21CB8E4A0091F8E7 /* Base */,
			);
			name = LaunchScreen.storyboard;
			sourceTree = "<group>";
		};
/* End PBXVariantGroup section */

/* Begin XCBuildConfiguration section */
		785AA7F821CB8E4B0091F8E7 /* Debug */ = {
			isa = XCBuildConfiguration;
			buildSettings = {
				ALWAYS_SEARCH_USER_PATHS = NO;
				CLANG_ANALYZER_NONNULL = YES;
				CLANG_ANALYZER_NUMBER_OBJECT_CONVERSION = YES_AGGRESSIVE;
				CLANG_CXX_LANGUAGE_STANDARD = "gnu++14";
				CLANG_CXX_LIBRARY = "libc++";
				CLANG_ENABLE_MODULES = YES;
				CLANG_ENABLE_OBJC_ARC = YES;
				CLANG_ENABLE_OBJC_WEAK = YES;
				CLANG_WARN_BLOCK_CAPTURE_AUTORELEASING = YES;
				CLANG_WARN_BOOL_CONVERSION = YES;
				CLANG_WARN_COMMA = YES;
				CLANG_WARN_CONSTANT_CONVERSION = YES;
				CLANG_WARN_DEPRECATED_OBJC_IMPLEMENTATIONS = YES;
				CLANG_WARN_DIRECT_OBJC_ISA_USAGE = YES_ERROR;
				CLANG_WARN_DOCUMENTATION_COMMENTS = YES;
				CLANG_WARN_EMPTY_BODY = YES;
				CLANG_WARN_ENUM_CONVERSION = YES;
				CLANG_WARN_INFINITE_RECURSION = YES;
				CLANG_WARN_INT_CONVERSION = YES;
				CLANG_WARN_NON_LITERAL_NULL_CONVERSION = YES;
				CLANG_WARN_OBJC_IMPLICIT_RETAIN_SELF = YES;
				CLANG_WARN_OBJC_LITERAL_CONVERSION = YES;
				CLANG_WARN_OBJC_ROOT_CLASS = YES_ERROR;
				CLANG_WARN_RANGE_LOOP_ANALYSIS = YES;
				CLANG_WARN_STRICT_PROTOTYPES = YES;
				CLANG_WARN_SUSPICIOUS_MOVE = YES;
				CLANG_WARN_UNGUARDED_AVAILABILITY = YES_AGGRESSIVE;
				CLANG_WARN_UNREACHABLE_CODE = YES;
				CLANG_WARN__DUPLICATE_METHOD_MATCH = YES;
				CODE_SIGN_IDENTITY = "iPhone Developer";
				COPY_PHASE_STRIP = NO;
				DEBUG_INFORMATION_FORMAT = dwarf;
				ENABLE_STRICT_OBJC_MSGSEND = YES;
				ENABLE_TESTABILITY = YES;
				GCC_C_LANGUAGE_STANDARD = gnu11;
				GCC_DYNAMIC_NO_PIC = NO;
				GCC_NO_COMMON_BLOCKS = YES;
				GCC_OPTIMIZATION_LEVEL = 0;
				GCC_PREPROCESSOR_DEFINITIONS = (
					"DEBUG=1",
					"$(inherited)",
				);
				GCC_WARN_64_TO_32_BIT_CONVERSION = YES;
				GCC_WARN_ABOUT_RETURN_TYPE = YES_ERROR;
				GCC_WARN_UNDECLARED_SELECTOR = YES;
				GCC_WARN_UNINITIALIZED_AUTOS = YES_AGGRESSIVE;
				GCC_WARN_UNUSED_FUNCTION = YES;
				GCC_WARN_UNUSED_VARIABLE = YES;
				IPHONEOS_DEPLOYMENT_TARGET = 12.1;
				MTL_ENABLE_DEBUG_INFO = INCLUDE_SOURCE;
				MTL_FAST_MATH = YES;
				ONLY_ACTIVE_ARCH = YES;
				SDKROOT = iphoneos;
				SWIFT_ACTIVE_COMPILATION_CONDITIONS = DEBUG;
				SWIFT_OPTIMIZATION_LEVEL = "-Onone";
			};
			name = Debug;
		};
		785AA7F921CB8E4B0091F8E7 /* Release */ = {
			isa = XCBuildConfiguration;
			buildSettings = {
				ALWAYS_SEARCH_USER_PATHS = NO;
				CLANG_ANALYZER_NONNULL = YES;
				CLANG_ANALYZER_NUMBER_OBJECT_CONVERSION = YES_AGGRESSIVE;
				CLANG_CXX_LANGUAGE_STANDARD = "gnu++14";
				CLANG_CXX_LIBRARY = "libc++";
				CLANG_ENABLE_MODULES = YES;
				CLANG_ENABLE_OBJC_ARC = YES;
				CLANG_ENABLE_OBJC_WEAK = YES;
				CLANG_WARN_BLOCK_CAPTURE_AUTORELEASING = YES;
				CLANG_WARN_BOOL_CONVERSION = YES;
				CLANG_WARN_COMMA = YES;
				CLANG_WARN_CONSTANT_CONVERSION = YES;
				CLANG_WARN_DEPRECATED_OBJC_IMPLEMENTATIONS = YES;
				CLANG_WARN_DIRECT_OBJC_ISA_USAGE = YES_ERROR;
				CLANG_WARN_DOCUMENTATION_COMMENTS = YES;
				CLANG_WARN_EMPTY_BODY = YES;
				CLANG_WARN_ENUM_CONVERSION = YES;
				CLANG_WARN_INFINITE_RECURSION = YES;
				CLANG_WARN_INT_CONVERSION = YES;
				CLANG_WARN_NON_LITERAL_NULL_CONVERSION = YES;
				CLANG_WARN_OBJC_IMPLICIT_RETAIN_SELF = YES;
				CLANG_WARN_OBJC_LITERAL_CONVERSION = YES;
				CLANG_WARN_OBJC_ROOT_CLASS = YES_ERROR;
				CLANG_WARN_RANGE_LOOP_ANALYSIS = YES;
				CLANG_WARN_STRICT_PROTOTYPES = YES;
				CLANG_WARN_SUSPICIOUS_MOVE = YES;
				CLANG_WARN_UNGUARDED_AVAILABILITY = YES_AGGRESSIVE;
				CLANG_WARN_UNREACHABLE_CODE = YES;
				CLANG_WARN__DUPLICATE_METHOD_MATCH = YES;
				CODE_SIGN_IDENTITY = "iPhone Developer";
				COPY_PHASE_STRIP = NO;
				DEBUG_INFORMATION_FORMAT = "dwarf-with-dsym";
				ENABLE_NS_ASSERTIONS = NO;
				ENABLE_STRICT_OBJC_MSGSEND = YES;
				GCC_C_LANGUAGE_STANDARD = gnu11;
				GCC_NO_COMMON_BLOCKS = YES;
				GCC_WARN_64_TO_32_BIT_CONVERSION = YES;
				GCC_WARN_ABOUT_RETURN_TYPE = YES_ERROR;
				GCC_WARN_UNDECLARED_SELECTOR = YES;
				GCC_WARN_UNINITIALIZED_AUTOS = YES_AGGRESSIVE;
				GCC_WARN_UNUSED_FUNCTION = YES;
				GCC_WARN_UNUSED_VARIABLE = YES;
				IPHONEOS_DEPLOYMENT_TARGET = 12.1;
				MTL_ENABLE_DEBUG_INFO = NO;
				MTL_FAST_MATH = YES;
				SDKROOT = iphoneos;
				SWIFT_COMPILATION_MODE = wholemodule;
				SWIFT_OPTIMIZATION_LEVEL = "-O";
				VALIDATE_PRODUCT = YES;
			};
			name = Release;
		};
		785AA7FB21CB8E4B0091F8E7 /* Debug */ = {
			isa = XCBuildConfiguration;
			buildSettings = {
				ASSETCATALOG_COMPILER_APPICON_NAME = AppIcon;
				CODE_SIGN_STYLE = Automatic;
				DEVELOPMENT_TEAM = B9E848RQUX;
				INFOPLIST_FILE = ARBundView/Info.plist;
				LD_RUNPATH_SEARCH_PATHS = (
					"$(inherited)",
					"@executable_path/Frameworks",
				);
				PRODUCT_BUNDLE_IDENTIFIER = com.example.ARBundView;
				PRODUCT_NAME = "$(TARGET_NAME)";
				SWIFT_VERSION = 4.2;
				TARGETED_DEVICE_FAMILY = "1,2";
			};
			name = Debug;
		};
		785AA7FC21CB8E4B0091F8E7 /* Release */ = {
			isa = XCBuildConfiguration;
			buildSettings = {
				ASSETCATALOG_COMPILER_APPICON_NAME = AppIcon;
				CODE_SIGN_STYLE = Automatic;
				DEVELOPMENT_TEAM = B9E848RQUX;
				INFOPLIST_FILE = ARBundView/Info.plist;
				LD_RUNPATH_SEARCH_PATHS = (
					"$(inherited)",
					"@executable_path/Frameworks",
				);
				PRODUCT_BUNDLE_IDENTIFIER = com.example.ARBundView;
				PRODUCT_NAME = "$(TARGET_NAME)";
				SWIFT_VERSION = 4.2;
				TARGETED_DEVICE_FAMILY = "1,2";
			};
			name = Release;
		};
		785AA7FE21CB8E4B0091F8E7 /* Debug */ = {
			isa = XCBuildConfiguration;
			buildSettings = {
				ALWAYS_EMBED_SWIFT_STANDARD_LIBRARIES = YES;
				BUNDLE_LOADER = "$(TEST_HOST)";
				CODE_SIGN_STYLE = Automatic;
				DEVELOPMENT_TEAM = B9E848RQUX;
				INFOPLIST_FILE = ARBundViewTests/Info.plist;
				LD_RUNPATH_SEARCH_PATHS = (
					"$(inherited)",
					"@executable_path/Frameworks",
					"@loader_path/Frameworks",
				);
				PRODUCT_BUNDLE_IDENTIFIER = com.example.ARBundViewTests;
				PRODUCT_NAME = "$(TARGET_NAME)";
				SWIFT_VERSION = 4.2;
				TARGETED_DEVICE_FAMILY = "1,2";
				TEST_HOST = "$(BUILT_PRODUCTS_DIR)/ARBundView.app/ARBundView";
			};
			name = Debug;
		};
		785AA7FF21CB8E4B0091F8E7 /* Release */ = {
			isa = XCBuildConfiguration;
			buildSettings = {
				ALWAYS_EMBED_SWIFT_STANDARD_LIBRARIES = YES;
				BUNDLE_LOADER = "$(TEST_HOST)";
				CODE_SIGN_STYLE = Automatic;
				DEVELOPMENT_TEAM = B9E848RQUX;
				INFOPLIST_FILE = ARBundViewTests/Info.plist;
				LD_RUNPATH_SEARCH_PATHS = (
					"$(inherited)",
					"@executable_path/Frameworks",
					"@loader_path/Frameworks",
				);
				PRODUCT_BUNDLE_IDENTIFIER = com.example.ARBundViewTests;
				PRODUCT_NAME = "$(TARGET_NAME)";
				SWIFT_VERSION = 4.2;
				TARGETED_DEVICE_FAMILY = "1,2";
				TEST_HOST = "$(BUILT_PRODUCTS_DIR)/ARBundView.app/ARBundView";
			};
			name = Release;
		};
/* End XCBuildConfiguration section */

/* Begin XCConfigurationList section */
		785AA7D821CB8E490091F8E7 /* Build configuration list for PBXProject "ARBundView" */ = {
			isa = XCConfigurationList;
			buildConfigurations = (
				785AA7F821CB8E4B0091F8E7 /* Debug */,
				785AA7F921CB8E4B0091F8E7 /* Release */,
			);
			defaultConfigurationIsVisible = 0;
			defaultConfigurationName = Release;
		};
		785AA7FA21CB8E4B0091F8E7 /* Build configuration list for PBXNativeTarget "ARBundView" */ = {
			isa = XCConfigurationList;
			buildConfigurations = (
				785AA7FB21CB8E4B0091F8E7 /* Debug */,
				785AA7FC21CB8E4B0091F8E7 /* Release */,
			);
			defaultConfigurationIsVisible = 0;
			defaultConfigurationName = Release;
		};
		785AA7FD21CB8E4B0091F8E7 /* Build configuration list for PBXNativeTarget "ARBundViewTests" */ = {
			isa = XCConfigurationList;
			buildConfigurations = (
				785AA7FE21CB8E4B0091F8E7 /* Debug */,
				785AA7FF21CB8E4B0091F8E7 /* Release */,
			);
			defaultConfigurationIsVisible = 0;
			defaultConfigurationName = Release;
		};
/* End XCConfigurationList section */
	};
	rootObject = 785AA7D521CB8E490091F8E7 /* Project object */;
}
